
Microsoft Visual Studio Solution File, Format Version 12.00
# Visual Studio 15
VisualStudioVersion = 15.0.27703.2000
MinimumVisualStudioVersion = 10.0.40219.1
Project("{FAE04EC0-301F-11D3-BF4B-00C04F79EFBC}") = "HomeW2", "HomeW2\HomeW2.csproj", "{380DED5B-1C33-44B6-A6D5-C297A8490FDE}"
EndProject
Global
	GlobalSection(SolutionConfigurationPlatforms) = preSolution
		Debug|Any CPU = Debug|Any CPU
		Release|Any CPU = Release|Any CPU
	EndGlobalSection
	GlobalSection(ProjectConfigurationPlatforms) = postSolution
		{380DED5B-1C33-44B6-A6D5-C297A8490FDE}.Debug|Any CPU.ActiveCfg = Debug|Any CPU
		{380DED5B-1C33-44B6-A6D5-C297A8490FDE}.Debug|Any CPU.Build.0 = Debug|Any CPU
		{380DED5B-1C33-44B6-A6D5-C297A8490FDE}.Release|Any CPU.ActiveCfg = Release|Any CPU
		{380DED5B-1C33-44B6-A6D5-C297A8490FDE}.Release|Any CPU.Build.0 = Release|Any CPU
	EndGlobalSection
	GlobalSection(SolutionProperties) = preSolution
		HideSolutionNode = FALSE
	EndGlobalSection
	GlobalSection(ExtensibilityGlobals) = postSolution
		SolutionGuid = {83AF4448-7407-465B-916A-73745572796C}
	EndGlobalSection
EndGlobal
